
Microsoft Visual Studio Solution File, Format Version 12.00
# Visual Studio Version 16
VisualStudioVersion = 16.0.31729.503
MinimumVisualStudioVersion = 10.0.40219.1
Project("{FAE04EC0-301F-11D3-BF4B-00C04F79EFBC}") = "VisualizarPDF", "VisualizarPDF\VisualizarPDF.csproj", "{F58E3C24-53DB-4435-99A5-999D6B1F76FC}"
EndProject
Project("{FAE04EC0-301F-11D3-BF4B-00C04F79EFBC}") = "ListarPdf", "ListarPdf\ListarPdf.csproj", "{35220762-FB16-4220-B971-211D9FB2304B}"
EndProject
Project("{FAE04EC0-301F-11D3-BF4B-00C04F79EFBC}") = "LeitorPdf", "LeitorPdf\LeitorPdf.csproj", "{AB6E06A1-2C39-4878-9625-F20051897025}"
EndProject
Global
	GlobalSection(SolutionConfigurationPlatforms) = preSolution
		Debug|Any CPU = Debug|Any CPU
		Release|Any CPU = Release|Any CPU
	EndGlobalSection
	GlobalSection(ProjectConfigurationPlatforms) = postSolution
		{F58E3C24-53DB-4435-99A5-999D6B1F76FC}.Debug|Any CPU.ActiveCfg = Debug|Any CPU
		{F58E3C24-53DB-4435-99A5-999D6B1F76FC}.Debug|Any CPU.Build.0 = Debug|Any CPU
		{F58E3C24-53DB-4435-99A5-999D6B1F76FC}.Release|Any CPU.ActiveCfg = Release|Any CPU
		{F58E3C24-53DB-4435-99A5-999D6B1F76FC}.Release|Any CPU.Build.0 = Release|Any CPU
		{35220762-FB16-4220-B971-211D9FB2304B}.Debug|Any CPU.ActiveCfg = Debug|Any CPU
		{35220762-FB16-4220-B971-211D9FB2304B}.Debug|Any CPU.Build.0 = Debug|Any CPU
		{35220762-FB16-4220-B971-211D9FB2304B}.Release|Any CPU.ActiveCfg = Release|Any CPU
		{35220762-FB16-4220-B971-211D9FB2304B}.Release|Any CPU.Build.0 = Release|Any CPU
		{AB6E06A1-2C39-4878-9625-F20051897025}.Debug|Any CPU.ActiveCfg = Debug|Any CPU
		{AB6E06A1-2C39-4878-9625-F20051897025}.Debug|Any CPU.Build.0 = Debug|Any CPU
		{AB6E06A1-2C39-4878-9625-F20051897025}.Release|Any CPU.ActiveCfg = Release|Any CPU
		{AB6E06A1-2C39-4878-9625-F20051897025}.Release|Any CPU.Build.0 = Release|Any CPU
	EndGlobalSection
	GlobalSection(SolutionProperties) = preSolution
		HideSolutionNode = FALSE
	EndGlobalSection
	GlobalSection(ExtensibilityGlobals) = postSolution
		SolutionGuid = {CD6891B3-2D49-45EA-96D9-FDDFFF7EB657}
	EndGlobalSection
EndGlobal
